{
    "version": 3,
    "terraform_version": "0.11.2",
    "serial": 5,
    "lineage": "bdbe51ff-d812-4ad6-9330-bd84ab07aef5",
    "modules": [
        {
            "path": [
                "root"
            ],
            "outputs": {},
            "resources": {
                "aws_instance.example": {
                    "type": "aws_instance",
                    "depends_on": [
                        "aws_security_group.allow_ssh"
                    ],
                    "primary": {
                        "id": "i-056647be87636e9f8",
                        "attributes": {
                            "ami": "ami-e5083683",
                            "associate_public_ip_address": "true",
                            "availability_zone": "eu-west-1b",
                            "disable_api_termination": "false",
                            "ebs_block_device.#": "0",
                            "ebs_optimized": "false",
                            "ephemeral_block_device.#": "0",
                            "iam_instance_profile": "",
                            "id": "i-056647be87636e9f8",
                            "instance_state": "running",
                            "instance_type": "t2.micro",
                            "ipv6_addresses.#": "0",
                            "key_name": "franzi",
                            "monitoring": "false",
                            "network_interface.#": "0",
                            "network_interface_id": "eni-5c108d6c",
                            "placement_group": "",
                            "primary_network_interface_id": "eni-5c108d6c",
                            "private_dns": "ip-172-31-25-207.eu-west-1.compute.internal",
                            "private_ip": "172.31.25.207",
                            "public_dns": "ec2-34-243-153-130.eu-west-1.compute.amazonaws.com",
                            "public_ip": "34.243.153.130",
                            "root_block_device.#": "1",
                            "root_block_device.0.delete_on_termination": "true",
                            "root_block_device.0.iops": "100",
                            "root_block_device.0.volume_id": "vol-084ccc1e225922415",
                            "root_block_device.0.volume_size": "8",
                            "root_block_device.0.volume_type": "gp2",
                            "security_groups.#": "1",
                            "security_groups.1454479838": "allow_ssh",
                            "source_dest_check": "true",
                            "subnet_id": "subnet-32c41a7b",
                            "tags.%": "1",
                            "tags.Name": "my_instance_name",
                            "tenancy": "default",
                            "volume_tags.%": "0",
                            "vpc_security_group_ids.#": "0"
                        },
                        "meta": {
                            "e2bfb730-ecaa-11e6-8f88-34363bc7c4c0": {
                                "create": 600000000000,
                                "delete": 600000000000,
                                "update": 600000000000
                            },
                            "schema_version": "1"
                        },
                        "tainted": false
                    },
                    "deposed": [],
                    "provider": "provider.aws"
                },
                "aws_security_group.allow_ssh": {
                    "type": "aws_security_group",
                    "depends_on": [],
                    "primary": {
                        "id": "sg-c53129be",
                        "attributes": {
                            "description": "Allow inbound SSH traffic from my everywhere",
                            "egress.#": "0",
                            "id": "sg-c53129be",
                            "ingress.#": "1",
                            "ingress.2541437006.cidr_blocks.#": "1",
                            "ingress.2541437006.cidr_blocks.0": "0.0.0.0/0",
                            "ingress.2541437006.description": "",
                            "ingress.2541437006.from_port": "22",
                            "ingress.2541437006.ipv6_cidr_blocks.#": "0",
                            "ingress.2541437006.protocol": "tcp",
                            "ingress.2541437006.security_groups.#": "0",
                            "ingress.2541437006.self": "false",
                            "ingress.2541437006.to_port": "22",
                            "name": "allow_ssh",
                            "owner_id": "369667221252",
                            "revoke_rules_on_delete": "false",
                            "tags.%": "1",
                            "tags.Name": "Allow SSH",
                            "vpc_id": "vpc-ced904a9"
                        },
                        "meta": {
                            "schema_version": "1"
                        },
                        "tainted": false
                    },
                    "deposed": [],
                    "provider": "provider.aws"
                }
            },
            "depends_on": []
        }
    ]
}
